// !$*UTF8*$!
{
	archiveVersion = 1;
	classes = {
	};
	objectVersion = 56;
	objects = {

/* Begin PBXBuildFile section */
		185E26F02C367CF800DF7109 /* UITextApp.swift in Sources */ = {isa = PBXBuildFile; fileRef = 185E26EF2C367CF800DF7109 /* UITextApp.swift */; };
		185E26F22C367CF800DF7109 /* ContentView.swift in Sources */ = {isa = PBXBuildFile; fileRef = 185E26F12C367CF800DF7109 /* ContentView.swift */; };
		185E26F42C367CF900DF7109 /* Assets.xcassets in Resources */ = {isa = PBXBuildFile; fileRef = 185E26F32C367CF900DF7109 /* Assets.xcassets */; };
		185E26F72C367CF900DF7109 /* Preview Assets.xcassets in Resources */ = {isa = PBXBuildFile; fileRef = 185E26F62C367CF900DF7109 /* Preview Assets.xcassets */; };
		185E27012C367CF900DF7109 /* UITextTests.swift in Sources */ = {isa = PBXBuildFile; fileRef = 185E27002C367CF900DF7109 /* UITextTests.swift */; };
		185E270B2C367CF900DF7109 /* UITextUITests.swift in Sources */ = {isa = PBXBuildFile; fileRef = 185E270A2C367CF900DF7109 /* UITextUITests.swift */; };
		185E270D2C367CF900DF7109 /* UITextUITestsLaunchTests.swift in Sources */ = {isa = PBXBuildFile; fileRef = 185E270C2C367CF900DF7109 /* UITextUITestsLaunchTests.swift */; };
/* End PBXBuildFile section */

/* Begin PBXContainerItemProxy section */
		185E26FD2C367CF900DF7109 /* PBXContainerItemProxy */ = {
			isa = PBXContainerItemProxy;
			containerPortal = 185E26E42C367CF800DF7109 /* Project object */;
			proxyType = 1;
			remoteGlobalIDString = 185E26EB2C367CF800DF7109;
			remoteInfo = UIText;
		};
		185E27072C367CF900DF7109 /* PBXContainerItemProxy */ = {
			isa = PBXContainerItemProxy;
			containerPortal = 185E26E42C367CF800DF7109 /* Project object */;
			proxyType = 1;
			remoteGlobalIDString = 185E26EB2C367CF800DF7109;
			remoteInfo = UIText;
		};
/* End PBXContainerItemProxy section */

/* Begin PBXFileReference section */
		185E26EC2C367CF800DF7109 /* UIText.app */ = {isa = PBXFileReference; explicitFileType = wrapper.application; includeInIndex = 0; path = UIText.app; sourceTree = BUILT_PRODUCTS_DIR; };
		185E26EF2C367CF800DF7109 /* UITextApp.swift */ = {isa = PBXFileReference; lastKnownFileType = sourcecode.swift; path = UITextApp.swift; sourceTree = "<group>"; };
		185E26F12C367CF800DF7109 /* ContentView.swift */ = {isa = PBXFileReference; lastKnownFileType = sourcecode.swift; path = ContentView.swift; sourceTree = "<group>"; };
		185E26F32C367CF900DF7109 /* Assets.xcassets */ = {isa = PBXFileReference; lastKnownFileType = folder.assetcatalog; path = Assets.xcassets; sourceTree = "<group>"; };
		185E26F62C367CF900DF7109 /* Preview Assets.xcassets */ = {isa = PBXFileReference; lastKnownFileType = folder.assetcatalog; path = "Preview Assets.xcassets"; sourceTree = "<group>"; };
		185E26FC2C367CF900DF7109 /* UITextTests.xctest */ = {isa = PBXFileReference; explicitFileType = wrapper.cfbundle; includeInIndex = 0; path = UITextTests.xctest; sourceTree = BUILT_PRODUCTS_DIR; };
		185E27002C367CF900DF7109 /* UITextTests.swift */ = {isa = PBXFileReference; lastKnownFileType = sourcecode.swift; path = UITextTests.swift; sourceTree = "<group>"; };
		185E27062C367CF900DF7109 /* UITextUITests.xctest */ = {isa = PBXFileReference; explicitFileType = wrapper.cfbundle; includeInIndex = 0; path = UITextUITests.xctest; sourceTree = BUILT_PRODUCTS_DIR; };
		185E270A2C367CF900DF7109 /* UITextUITests.swift */ = {isa = PBXFileReference; lastKnownFileType = sourcecode.swift; path = UITextUITests.swift; sourceTree = "<group>"; };
		185E270C2C367CF900DF7109 /* UITextUITestsLaunchTests.swift */ = {isa = PBXFileReference; lastKnownFileType = sourcecode.swift; path = UITextUITestsLaunchTests.swift; sourceTree = "<group>"; };
/* End PBXFileReference section */

/* Begin PBXFrameworksBuildPhase section */
		185E26E92C367CF800DF7109 /* Frameworks */ = {
			isa = PBXFrameworksBuildPhase;
			buildActionMask = 2147483647;
			files = (
			);
			runOnlyForDeploymentPostprocessing = 0;
		};
		185E26F92C367CF900DF7109 /* Frameworks */ = {
			isa = PBXFrameworksBuildPhase;
			buildActionMask = 2147483647;
			files = (
			);
			runOnlyForDeploymentPostprocessing = 0;
		};
		185E27032C367CF900DF7109 /* Frameworks */ = {
			isa = PBXFrameworksBuildPhase;
			buildActionMask = 2147483647;
			files = (
			);
			runOnlyForDeploymentPostprocessing = 0;
		};
/* End PBXFrameworksBuildPhase section */

/* Begin PBXGroup section */
		185E26E32C367CF800DF7109 = {
			isa = PBXGroup;
			children = (
				185E26EE2C367CF800DF7109 /* UIText */,
				185E26FF2C367CF900DF7109 /* UITextTests */,
				185E27092C367CF900DF7109 /* UITextUITests */,
				185E26ED2C367CF800DF7109 /* Products */,
			);
			sourceTree = "<group>";
		};
		185E26ED2C367CF800DF7109 /* Products */ = {
			isa = PBXGroup;
			children = (
				185E26EC2C367CF800DF7109 /* UIText.app */,
				185E26FC2C367CF900DF7109 /* UITextTests.xctest */,
				185E27062C367CF900DF7109 /* UITextUITests.xctest */,
			);
			name = Products;
			sourceTree = "<group>";
		};
		185E26EE2C367CF800DF7109 /* UIText */ = {
			isa = PBXGroup;
			children = (
				185E26EF2C367CF800DF7109 /* UITextApp.swift */,
				185E26F12C367CF800DF7109 /* ContentView.swift */,
				185E26F32C367CF900DF7109 /* Assets.xcassets */,
				185E26F52C367CF900DF7109 /* Preview Content */,
			);
			path = UIText;
			sourceTree = "<group>";
		};
		185E26F52C367CF900DF7109 /* Preview Content */ = {
			isa = PBXGroup;
			children = (
				185E26F62C367CF900DF7109 /* Preview Assets.xcassets */,
			);
			path = "Preview Content";
			sourceTree = "<group>";
		};
		185E26FF2C367CF900DF7109 /* UITextTests */ = {
			isa = PBXGroup;
			children = (
				185E27002C367CF900DF7109 /* UITextTests.swift */,
			);
			path = UITextTests;
			sourceTree = "<group>";
		};
		185E27092C367CF900DF7109 /* UITextUITests */ = {
			isa = PBXGroup;
			children = (
				185E270A2C367CF900DF7109 /* UITextUITests.swift */,
				185E270C2C367CF900DF7109 /* UITextUITestsLaunchTests.swift */,
			);
			path = UITextUITests;
			sourceTree = "<group>";
		};
/* End PBXGroup section */

/* Begin PBXNativeTarget section */
		185E26EB2C367CF800DF7109 /* UIText */ = {
			isa = PBXNativeTarget;
			buildConfigurationList = 185E27102C367CF900DF7109 /* Build configuration list for PBXNativeTarget "UIText" */;
			buildPhases = (
				185E26E82C367CF800DF7109 /* Sources */,
				185E26E92C367CF800DF7109 /* Frameworks */,
				185E26EA2C367CF800DF7109 /* Resources */,
			);
			buildRules = (
			);
			dependencies = (
			);
			name = UIText;
			productName = UIText;
			productReference = 185E26EC2C367CF800DF7109 /* UIText.app */;
			productType = "com.apple.product-type.application";
		};
		185E26FB2C367CF900DF7109 /* UITextTests */ = {
			isa = PBXNativeTarget;
			buildConfigurationList = 185E27132C367CF900DF7109 /* Build configuration list for PBXNativeTarget "UITextTests" */;
			buildPhases = (
				185E26F82C367CF900DF7109 /* Sources */,
				185E26F92C367CF900DF7109 /* Frameworks */,
				185E26FA2C367CF900DF7109 /* Resources */,
			);
			buildRules = (
			);
			dependencies = (
				185E26FE2C367CF900DF7109 /* PBXTargetDependency */,
			);
			name = UITextTests;
			productName = UITextTests;
			productReference = 185E26FC2C367CF900DF7109 /* UITextTests.xctest */;
			productType = "com.apple.product-type.bundle.unit-test";
		};
		185E27052C367CF900DF7109 /* UITextUITests */ = {
			isa = PBXNativeTarget;
			buildConfigurationList = 185E27162C367CF900DF7109 /* Build configuration list for PBXNativeTarget "UITextUITests" */;
			buildPhases = (
				185E27022C367CF900DF7109 /* Sources */,
				185E27032C367CF900DF7109 /* Frameworks */,
				185E27042C367CF900DF7109 /* Resources */,
			);
			buildRules = (
			);
			dependencies = (
				185E27082C367CF900DF7109 /* PBXTargetDependency */,
			);
			name = UITextUITests;
			productName = UITextUITests;
			productReference = 185E27062C367CF900DF7109 /* UITextUITests.xctest */;
			productType = "com.apple.product-type.bundle.ui-testing";
		};
/* End PBXNativeTarget section */

/* Begin PBXProject section */
		185E26E42C367CF800DF7109 /* Project object */ = {
			isa = PBXProject;
			attributes = {
				BuildIndependentTargetsInParallel = 1;
				LastSwiftUpdateCheck = 1540;
				LastUpgradeCheck = 1540;
				TargetAttributes = {
					185E26EB2C367CF800DF7109 = {
						CreatedOnToolsVersion = 15.4;
					};
					185E26FB2C367CF900DF7109 = {
						CreatedOnToolsVersion = 15.4;
						TestTargetID = 185E26EB2C367CF800DF7109;
					};
					185E27052C367CF900DF7109 = {
						CreatedOnToolsVersion = 15.4;
						TestTargetID = 185E26EB2C367CF800DF7109;
					};
				};
			};
			buildConfigurationList = 185E26E72C367CF800DF7109 /* Build configuration list for PBXProject "UIText" */;
			compatibilityVersion = "Xcode 14.0";
			developmentRegion = en;
			hasScannedForEncodings = 0;
			knownRegions = (
				en,
				Base,
			);
			mainGroup = 185E26E32C367CF800DF7109;
			productRefGroup = 185E26ED2C367CF800DF7109 /* Products */;
			projectDirPath = "";
			projectRoot = "";
			targets = (
				185E26EB2C367CF800DF7109 /* UIText */,
				185E26FB2C367CF900DF7109 /* UITextTests */,
				185E27052C367CF900DF7109 /* UITextUITests */,
			);
		};
/* End PBXProject section */

/* Begin PBXResourcesBuildPhase section */
		185E26EA2C367CF800DF7109 /* Resources */ = {
			isa = PBXResourcesBuildPhase;
			buildActionMask = 2147483647;
			files = (
				185E26F72C367CF900DF7109 /* Preview Assets.xcassets in Resources */,
				185E26F42C367CF900DF7109 /* Assets.xcassets in Resources */,
			);
			runOnlyForDeploymentPostprocessing = 0;
		};
		185E26FA2C367CF900DF7109 /* Resources */ = {
			isa = PBXResourcesBuildPhase;
			buildActionMask = 2147483647;
			files = (
			);
			runOnlyForDeploymentPostprocessing = 0;
		};
		185E27042C367CF900DF7109 /* Resources */ = {
			isa = PBXResourcesBuildPhase;
			buildActionMask = 2147483647;
			files = (
			);
			runOnlyForDeploymentPostprocessing = 0;
		};
/* End PBXResourcesBuildPhase section */

/* Begin PBXSourcesBuildPhase section */
		185E26E82C367CF800DF7109 /* Sources */ = {
			isa = PBXSourcesBuildPhase;
			buildActionMask = 2147483647;
			files = (
				185E26F22C367CF800DF7109 /* ContentView.swift in Sources */,
				185E26F02C367CF800DF7109 /* UITextApp.swift in Sources */,
			);
			runOnlyForDeploymentPostprocessing = 0;
		};
		185E26F82C367CF900DF7109 /* Sources */ = {
			isa = PBXSourcesBuildPhase;
			buildActionMask = 2147483647;
			files = (
				185E27012C367CF900DF7109 /* UITextTests.swift in Sources */,
			);
			runOnlyForDeploymentPostprocessing = 0;
		};
		185E27022C367CF900DF7109 /* Sources */ = {
			isa = PBXSourcesBuildPhase;
			buildActionMask = 2147483647;
			files = (
				185E270B2C367CF900DF7109 /* UITextUITests.swift in Sources */,
				185E270D2C367CF900DF7109 /* UITextUITestsLaunchTests.swift in Sources */,
			);
			runOnlyForDeploymentPostprocessing = 0;
		};
/* End PBXSourcesBuildPhase section */

/* Begin PBXTargetDependency section */
		185E26FE2C367CF900DF7109 /* PBXTargetDependency */ = {
			isa = PBXTargetDependency;
			target = 185E26EB2C367CF800DF7109 /* UIText */;
			targetProxy = 185E26FD2C367CF900DF7109 /* PBXContainerItemProxy */;
		};
		185E27082C367CF900DF7109 /* PBXTargetDependency */ = {
			isa = PBXTargetDependency;
			target = 185E26EB2C367CF800DF7109 /* UIText */;
			targetProxy = 185E27072C367CF900DF7109 /* PBXContainerItemProxy */;
		};
/* End PBXTargetDependency section */

/* Begin XCBuildConfiguration section */
		185E270E2C367CF900DF7109 /* Debug */ = {
			isa = XCBuildConfiguration;
			buildSettings = {
				ALWAYS_SEARCH_USER_PATHS = NO;
				ASSETCATALOG_COMPILER_GENERATE_SWIFT_ASSET_SYMBOL_EXTENSIONS = YES;
				CLANG_ANALYZER_NONNULL = YES;
				CLANG_ANALYZER_NUMBER_OBJECT_CONVERSION = YES_AGGRESSIVE;
				CLANG_CXX_LANGUAGE_STANDARD = "gnu++20";
				CLANG_ENABLE_MODULES = YES;
				CLANG_ENABLE_OBJC_ARC = YES;
				CLANG_ENABLE_OBJC_WEAK = YES;
				CLANG_WARN_BLOCK_CAPTURE_AUTORELEASING = YES;
				CLANG_WARN_BOOL_CONVERSION = YES;
				CLANG_WARN_COMMA = YES;
				CLANG_WARN_CONSTANT_CONVERSION = YES;
				CLANG_WARN_DEPRECATED_OBJC_IMPLEMENTATIONS = YES;
				CLANG_WARN_DIRECT_OBJC_ISA_USAGE = YES_ERROR;
				CLANG_WARN_DOCUMENTATION_COMMENTS = YES;
				CLANG_WARN_EMPTY_BODY = YES;
				CLANG_WARN_ENUM_CONVERSION = YES;
				CLANG_WARN_INFINITE_RECURSION = YES;
				CLANG_WARN_INT_CONVERSION = YES;
				CLANG_WARN_NON_LITERAL_NULL_CONVERSION = YES;
				CLANG_WARN_OBJC_IMPLICIT_RETAIN_SELF = YES;
				CLANG_WARN_OBJC_LITERAL_CONVERSION = YES;
				CLANG_WARN_OBJC_ROOT_CLASS = YES_ERROR;
				CLANG_WARN_QUOTED_INCLUDE_IN_FRAMEWORK_HEADER = YES;
				CLANG_WARN_RANGE_LOOP_ANALYSIS = YES;
				CLANG_WARN_STRICT_PROTOTYPES = YES;
				CLANG_WARN_SUSPICIOUS_MOVE = YES;
				CLANG_WARN_UNGUARDED_AVAILABILITY = YES_AGGRESSIVE;
				CLANG_WARN_UNREACHABLE_CODE = YES;
				CLANG_WARN__DUPLICATE_METHOD_MATCH = YES;
				COPY_PHASE_STRIP = NO;
				DEBUG_INFORMATION_FORMAT = dwarf;
				ENABLE_STRICT_OBJC_MSGSEND = YES;
				ENABLE_TESTABILITY = YES;
				ENABLE_USER_SCRIPT_SANDBOXING = YES;
				GCC_C_LANGUAGE_STANDARD = gnu17;
				GCC_DYNAMIC_NO_PIC = NO;
				GCC_NO_COMMON_BLOCKS = YES;
				GCC_OPTIMIZATION_LEVEL = 0;
				GCC_PREPROCESSOR_DEFINITIONS = (
					"DEBUG=1",
					"$(inherited)",
				);
				GCC_WARN_64_TO_32_BIT_CONVERSION = YES;
				GCC_WARN_ABOUT_RETURN_TYPE = YES_ERROR;
				GCC_WARN_UNDECLARED_SELECTOR = YES;
				GCC_WARN_UNINITIALIZED_AUTOS = YES_AGGRESSIVE;
				GCC_WARN_UNUSED_FUNCTION = YES;
				GCC_WARN_UNUSED_VARIABLE = YES;
				IPHONEOS_DEPLOYMENT_TARGET = 17.5;
				LOCALIZATION_PREFERS_STRING_CATALOGS = YES;
				MTL_ENABLE_DEBUG_INFO = INCLUDE_SOURCE;
				MTL_FAST_MATH = YES;
				ONLY_ACTIVE_ARCH = YES;
				SDKROOT = iphoneos;
				SWIFT_ACTIVE_COMPILATION_CONDITIONS = "DEBUG $(inherited)";
				SWIFT_OPTIMIZATION_LEVEL = "-Onone";
			};
			name = Debug;
		};
		185E270F2C367CF900DF7109 /* Release */ = {
			isa = XCBuildConfiguration;
			buildSettings = {
				ALWAYS_SEARCH_USER_PATHS = NO;
				ASSETCATALOG_COMPILER_GENERATE_SWIFT_ASSET_SYMBOL_EXTENSIONS = YES;
				CLANG_ANALYZER_NONNULL = YES;
				CLANG_ANALYZER_NUMBER_OBJECT_CONVERSION = YES_AGGRESSIVE;
				CLANG_CXX_LANGUAGE_STANDARD = "gnu++20";
				CLANG_ENABLE_MODULES = YES;
				CLANG_ENABLE_OBJC_ARC = YES;
				CLANG_ENABLE_OBJC_WEAK = YES;
				CLANG_WARN_BLOCK_CAPTURE_AUTORELEASING = YES;
				CLANG_WARN_BOOL_CONVERSION = YES;
				CLANG_WARN_COMMA = YES;
				CLANG_WARN_CONSTANT_CONVERSION = YES;
				CLANG_WARN_DEPRECATED_OBJC_IMPLEMENTATIONS = YES;
				CLANG_WARN_DIRECT_OBJC_ISA_USAGE = YES_ERROR;
				CLANG_WARN_DOCUMENTATION_COMMENTS = YES;
				CLANG_WARN_EMPTY_BODY = YES;
				CLANG_WARN_ENUM_CONVERSION = YES;
				CLANG_WARN_INFINITE_RECURSION = YES;
				CLANG_WARN_INT_CONVERSION = YES;
				CLANG_WARN_NON_LITERAL_NULL_CONVERSION = YES;
				CLANG_WARN_OBJC_IMPLICIT_RETAIN_SELF = YES;
				CLANG_WARN_OBJC_LITERAL_CONVERSION = YES;
				CLANG_WARN_OBJC_ROOT_CLASS = YES_ERROR;
				CLANG_WARN_QUOTED_INCLUDE_IN_FRAMEWORK_HEADER = YES;
				CLANG_WARN_RANGE_LOOP_ANALYSIS = YES;
				CLANG_WARN_STRICT_PROTOTYPES = YES;
				CLANG_WARN_SUSPICIOUS_MOVE = YES;
				CLANG_WARN_UNGUARDED_AVAILABILITY = YES_AGGRESSIVE;
				CLANG_WARN_UNREACHABLE_CODE = YES;
				CLANG_WARN__DUPLICATE_METHOD_MATCH = YES;
				COPY_PHASE_STRIP = NO;
				DEBUG_INFORMATION_FORMAT = "dwarf-with-dsym";
				ENABLE_NS_ASSERTIONS = NO;
				ENABLE_STRICT_OBJC_MSGSEND = YES;
				ENABLE_USER_SCRIPT_SANDBOXING = YES;
				GCC_C_LANGUAGE_STANDARD = gnu17;
				GCC_NO_COMMON_BLOCKS = YES;
				GCC_WARN_64_TO_32_BIT_CONVERSION = YES;
				GCC_WARN_ABOUT_RETURN_TYPE = YES_ERROR;
				GCC_WARN_UNDECLARED_SELECTOR = YES;
				GCC_WARN_UNINITIALIZED_AUTOS = YES_AGGRESSIVE;
				GCC_WARN_UNUSED_FUNCTION = YES;
				GCC_WARN_UNUSED_VARIABLE = YES;
				IPHONEOS_DEPLOYMENT_TARGET = 17.5;
				LOCALIZATION_PREFERS_STRING_CATALOGS = YES;
				MTL_ENABLE_DEBUG_INFO = NO;
				MTL_FAST_MATH = YES;
				SDKROOT = iphoneos;
				SWIFT_COMPILATION_MODE = wholemodule;
				VALIDATE_PRODUCT = YES;
			};
			name = Release;
		};
		185E27112C367CF900DF7109 /* Debug */ = {
			isa = XCBuildConfiguration;
			buildSettings = {
				ASSETCATALOG_COMPILER_APPICON_NAME = AppIcon;
				ASSETCATALOG_COMPILER_GLOBAL_ACCENT_COLOR_NAME = AccentColor;
				CODE_SIGN_STYLE = Automatic;
				CURRENT_PROJECT_VERSION = 1;
				DEVELOPMENT_ASSET_PATHS = "\"UIText/Preview Content\"";
				DEVELOPMENT_TEAM = U3L652RHQ2;
				ENABLE_PREVIEWS = YES;
				GENERATE_INFOPLIST_FILE = YES;
				INFOPLIST_KEY_UIApplicationSceneManifest_Generation = YES;
				INFOPLIST_KEY_UIApplicationSupportsIndirectInputEvents = YES;
				INFOPLIST_KEY_UILaunchScreen_Generation = YES;
				INFOPLIST_KEY_UISupportedInterfaceOrientations_iPad = "UIInterfaceOrientationPortrait UIInterfaceOrientationPortraitUpsideDown UIInterfaceOrientationLandscapeLeft UIInterfaceOrientationLandscapeRight";
				INFOPLIST_KEY_UISupportedInterfaceOrientations_iPhone = "UIInterfaceOrientationPortrait UIInterfaceOrientationLandscapeLeft UIInterfaceOrientationLandscapeRight";
				LD_RUNPATH_SEARCH_PATHS = (
					"$(inherited)",
					"@executable_path/Frameworks",
				);
				MARKETING_VERSION = 1.0;
				PRODUCT_BUNDLE_IDENTIFIER = com.liukun.UIText;
				PRODUCT_NAME = "$(TARGET_NAME)";
				SWIFT_EMIT_LOC_STRINGS = YES;
				SWIFT_VERSION = 5.0;
				TARGETED_DEVICE_FAMILY = "1,2";
			};
			name = Debug;
		};
		185E27122C367CF900DF7109 /* Release */ = {
			isa = XCBuildConfiguration;
			buildSettings = {
				ASSETCATALOG_COMPILER_APPICON_NAME = AppIcon;
				ASSETCATALOG_COMPILER_GLOBAL_ACCENT_COLOR_NAME = AccentColor;
				CODE_SIGN_STYLE = Automatic;
				CURRENT_PROJECT_VERSION = 1;
				DEVELOPMENT_ASSET_PATHS = "\"UIText/Preview Content\"";
				DEVELOPMENT_TEAM = U3L652RHQ2;
				ENABLE_PREVIEWS = YES;
				GENERATE_INFOPLIST_FILE = YES;
				INFOPLIST_KEY_UIApplicationSceneManifest_Generation = YES;
				INFOPLIST_KEY_UIApplicationSupportsIndirectInputEvents = YES;
				INFOPLIST_KEY_UILaunchScreen_Generation = YES;
				INFOPLIST_KEY_UISupportedInterfaceOrientations_iPad = "UIInterfaceOrientationPortrait UIInterfaceOrientationPortraitUpsideDown UIInterfaceOrientationLandscapeLeft UIInterfaceOrientationLandscapeRight";
				INFOPLIST_KEY_UISupportedInterfaceOrientations_iPhone = "UIInterfaceOrientationPortrait UIInterfaceOrientationLandscapeLeft UIInterfaceOrientationLandscapeRight";
				LD_RUNPATH_SEARCH_PATHS = (
					"$(inherited)",
					"@executable_path/Frameworks",
				);
				MARKETING_VERSION = 1.0;
				PRODUCT_BUNDLE_IDENTIFIER = com.liukun.UIText;
				PRODUCT_NAME = "$(TARGET_NAME)";
				SWIFT_EMIT_LOC_STRINGS = YES;
				SWIFT_VERSION = 5.0;
				TARGETED_DEVICE_FAMILY = "1,2";
			};
			name = Release;
		};
		185E27142C367CF900DF7109 /* Debug */ = {
			isa = XCBuildConfiguration;
			buildSettings = {
				ALWAYS_EMBED_SWIFT_STANDARD_LIBRARIES = YES;
				BUNDLE_LOADER = "$(TEST_HOST)";
				CODE_SIGN_STYLE = Automatic;
				CURRENT_PROJECT_VERSION = 1;
				DEVELOPMENT_TEAM = U3L652RHQ2;
				GENERATE_INFOPLIST_FILE = YES;
				IPHONEOS_DEPLOYMENT_TARGET = 17.5;
				MARKETING_VERSION = 1.0;
				PRODUCT_BUNDLE_IDENTIFIER = com.liukun.UITextTests;
				PRODUCT_NAME = "$(TARGET_NAME)";
				SWIFT_EMIT_LOC_STRINGS = NO;
				SWIFT_VERSION = 5.0;
				TARGETED_DEVICE_FAMILY = "1,2";
				TEST_HOST = "$(BUILT_PRODUCTS_DIR)/UIText.app/$(BUNDLE_EXECUTABLE_FOLDER_PATH)/UIText";
			};
			name = Debug;
		};
		185E27152C367CF900DF7109 /* Release */ = {
			isa = XCBuildConfiguration;
			buildSettings = {
				ALWAYS_EMBED_SWIFT_STANDARD_LIBRARIES = YES;
				BUNDLE_LOADER = "$(TEST_HOST)";
				CODE_SIGN_STYLE = Automatic;
				CURRENT_PROJECT_VERSION = 1;
				DEVELOPMENT_TEAM = U3L652RHQ2;
				GENERATE_INFOPLIST_FILE = YES;
				IPHONEOS_DEPLOYMENT_TARGET = 17.5;
				MARKETING_VERSION = 1.0;
				PRODUCT_BUNDLE_IDENTIFIER = com.liukun.UITextTests;
				PRODUCT_NAME = "$(TARGET_NAME)";
				SWIFT_EMIT_LOC_STRINGS = NO;
				SWIFT_VERSION = 5.0;
				TARGETED_DEVICE_FAMILY = "1,2";
				TEST_HOST = "$(BUILT_PRODUCTS_DIR)/UIText.app/$(BUNDLE_EXECUTABLE_FOLDER_PATH)/UIText";
			};
			name = Release;
		};
		185E27172C367CF900DF7109 /* Debug */ = {
			isa = XCBuildConfiguration;
			buildSettings = {
				ALWAYS_EMBED_SWIFT_STANDARD_LIBRARIES = YES;
				CODE_SIGN_STYLE = Automatic;
				CURRENT_PROJECT_VERSION = 1;
				DEVELOPMENT_TEAM = U3L652RHQ2;
				GENERATE_INFOPLIST_FILE = YES;
				MARKETING_VERSION = 1.0;
				PRODUCT_BUNDLE_IDENTIFIER = com.liukun.UITextUITests;
				PRODUCT_NAME = "$(TARGET_NAME)";
				SWIFT_EMIT_LOC_STRINGS = NO;
				SWIFT_VERSION = 5.0;
				TARGETED_DEVICE_FAMILY = "1,2";
				TEST_TARGET_NAME = UIText;
			};
			name = Debug;
		};
		185E27182C367CF900DF7109 /* Release */ = {
			isa = XCBuildConfiguration;
			buildSettings = {
				ALWAYS_EMBED_SWIFT_STANDARD_LIBRARIES = YES;
				CODE_SIGN_STYLE = Automatic;
				CURRENT_PROJECT_VERSION = 1;
				DEVELOPMENT_TEAM = U3L652RHQ2;
				GENERATE_INFOPLIST_FILE = YES;
				MARKETING_VERSION = 1.0;
				PRODUCT_BUNDLE_IDENTIFIER = com.liukun.UITextUITests;
				PRODUCT_NAME = "$(TARGET_NAME)";
				SWIFT_EMIT_LOC_STRINGS = NO;
				SWIFT_VERSION = 5.0;
				TARGETED_DEVICE_FAMILY = "1,2";
				TEST_TARGET_NAME = UIText;
			};
			name = Release;
		};
/* End XCBuildConfiguration section */

/* Begin XCConfigurationList section */
		185E26E72C367CF800DF7109 /* Build configuration list for PBXProject "UIText" */ = {
			isa = XCConfigurationList;
			buildConfigurations = (
				185E270E2C367CF900DF7109 /* Debug */,
				185E270F2C367CF900DF7109 /* Release */,
			);
			defaultConfigurationIsVisible = 0;
			defaultConfigurationName = Release;
		};
		185E27102C367CF900DF7109 /* Build configuration list for PBXNativeTarget "UIText" */ = {
			isa = XCConfigurationList;
			buildConfigurations = (
				185E27112C367CF900DF7109 /* Debug */,
				185E27122C367CF900DF7109 /* Release */,
			);
			defaultConfigurationIsVisible = 0;
			defaultConfigurationName = Release;
		};
		185E27132C367CF900DF7109 /* Build configuration list for PBXNativeTarget "UITextTests" */ = {
			isa = XCConfigurationList;
			buildConfigurations = (
				185E27142C367CF900DF7109 /* Debug */,
				185E27152C367CF900DF7109 /* Release */,
			);
			defaultConfigurationIsVisible = 0;
			defaultConfigurationName = Release;
		};
		185E27162C367CF900DF7109 /* Build configuration list for PBXNativeTarget "UITextUITests" */ = {
			isa = XCConfigurationList;
			buildConfigurations = (
				185E27172C367CF900DF7109 /* Debug */,
				185E27182C367CF900DF7109 /* Release */,
			);
			defaultConfigurationIsVisible = 0;
			defaultConfigurationName = Release;
		};
/* End XCConfigurationList section */
	};
	rootObject = 185E26E42C367CF800DF7109 /* Project object */;
}
